
Microsoft Visual Studio Solution File, Format Version 12.00
# Visual Studio Version 16
VisualStudioVersion = 16.0.34729.46
MinimumVisualStudioVersion = 10.0.40219.1
Project("{FAE04EC0-301F-11D3-BF4B-00C04F79EFBC}") = "WindowsFormsApp5", "WindowsFormsApp5\WindowsFormsApp5.csproj", "{C2121B27-1C24-40BD-B264-9CF5FC98D38A}"
EndProject
Global
	GlobalSection(SolutionConfigurationPlatforms) = preSolution
		Debug|Any CPU = Debug|Any CPU
		Release|Any CPU = Release|Any CPU
	EndGlobalSection
	GlobalSection(ProjectConfigurationPlatforms) = postSolution
		{C2121B27-1C24-40BD-B264-9CF5FC98D38A}.Debug|Any CPU.ActiveCfg = Debug|Any CPU
		{C2121B27-1C24-40BD-B264-9CF5FC98D38A}.Debug|Any CPU.Build.0 = Debug|Any CPU
		{C2121B27-1C24-40BD-B264-9CF5FC98D38A}.Release|Any CPU.ActiveCfg = Release|Any CPU
		{C2121B27-1C24-40BD-B264-9CF5FC98D38A}.Release|Any CPU.Build.0 = Release|Any CPU
	EndGlobalSection
	GlobalSection(SolutionProperties) = preSolution
		HideSolutionNode = FALSE
	EndGlobalSection
	GlobalSection(ExtensibilityGlobals) = postSolution
		SolutionGuid = {EEA47762-04BC-49AE-9E9B-41C0E9AC1A7E}
	EndGlobalSection
EndGlobal
